// !$*UTF8*$!
{
	archiveVersion = 1;
	classes = {
	};
	objectVersion = 50;
	objects = {

/* Begin PBXBuildFile section */
		D1962B10219EFB2D004C8DD4 /* AppDelegate.swift in Sources */ = {isa = PBXBuildFile; fileRef = D1962B0F219EFB2D004C8DD4 /* AppDelegate.swift */; };
		D1962B17219EFB2E004C8DD4 /* Assets.xcassets in Resources */ = {isa = PBXBuildFile; fileRef = D1962B16219EFB2E004C8DD4 /* Assets.xcassets */; };
		D1962B1A219EFB2E004C8DD4 /* LaunchScreen.storyboard in Resources */ = {isa = PBXBuildFile; fileRef = D1962B18219EFB2E004C8DD4 /* LaunchScreen.storyboard */; };
		D1962B24219EFBDF004C8DD4 /* TutorialFirstViewController.swift in Sources */ = {isa = PBXBuildFile; fileRef = D1962B22219EFBDF004C8DD4 /* TutorialFirstViewController.swift */; };
		D1962B25219EFBDF004C8DD4 /* TutorialFirstViewController.xib in Resources */ = {isa = PBXBuildFile; fileRef = D1962B23219EFBDF004C8DD4 /* TutorialFirstViewController.xib */; };
		D1962B28219EFC12004C8DD4 /* AppCoordinator.swift in Sources */ = {isa = PBXBuildFile; fileRef = D1962B27219EFC12004C8DD4 /* AppCoordinator.swift */; };
		D1962B2A219EFC5B004C8DD4 /* BaseViewController.swift in Sources */ = {isa = PBXBuildFile; fileRef = D1962B29219EFC5B004C8DD4 /* BaseViewController.swift */; };
		D1962B2F219EFE70004C8DD4 /* TutorialSecondViewController.swift in Sources */ = {isa = PBXBuildFile; fileRef = D1962B2D219EFE70004C8DD4 /* TutorialSecondViewController.swift */; };
		D1962B30219EFE70004C8DD4 /* TutorialSecondViewController.xib in Resources */ = {isa = PBXBuildFile; fileRef = D1962B2E219EFE70004C8DD4 /* TutorialSecondViewController.xib */; };
		D1962B32219F0015004C8DD4 /* .gitignore in Resources */ = {isa = PBXBuildFile; fileRef = D1962B31219F0015004C8DD4 /* .gitignore */; };
		D1962B34219F0051004C8DD4 /* TutorialCoordinator.swift in Sources */ = {isa = PBXBuildFile; fileRef = D1962B33219F0051004C8DD4 /* TutorialCoordinator.swift */; };
		D1962B37219F0176004C8DD4 /* LoadingViewController.swift in Sources */ = {isa = PBXBuildFile; fileRef = D1962B35219F0176004C8DD4 /* LoadingViewController.swift */; };
		D1962B38219F0176004C8DD4 /* LoadingViewController.xib in Resources */ = {isa = PBXBuildFile; fileRef = D1962B36219F0176004C8DD4 /* LoadingViewController.xib */; };
		D1962B3A219F01AB004C8DD4 /* WeatherCoordinator.swift in Sources */ = {isa = PBXBuildFile; fileRef = D1962B39219F01AB004C8DD4 /* WeatherCoordinator.swift */; };
		D1962B3C219F05DD004C8DD4 /* LocationManager.swift in Sources */ = {isa = PBXBuildFile; fileRef = D1962B3B219F05DD004C8DD4 /* LocationManager.swift */; };
		D1962B45219F0E8B004C8DD4 /* UserDefaults.swift in Sources */ = {isa = PBXBuildFile; fileRef = D1962B44219F0E8B004C8DD4 /* UserDefaults.swift */; };
/* End PBXBuildFile section */

/* Begin PBXFileReference section */
		D1962B0C219EFB2D004C8DD4 /* TestTask.app */ = {isa = PBXFileReference; explicitFileType = wrapper.application; includeInIndex = 0; path = TestTask.app; sourceTree = BUILT_PRODUCTS_DIR; };
		D1962B0F219EFB2D004C8DD4 /* AppDelegate.swift */ = {isa = PBXFileReference; lastKnownFileType = sourcecode.swift; path = AppDelegate.swift; sourceTree = "<group>"; };
		D1962B16219EFB2E004C8DD4 /* Assets.xcassets */ = {isa = PBXFileReference; lastKnownFileType = folder.assetcatalog; path = Assets.xcassets; sourceTree = "<group>"; };
		D1962B19219EFB2E004C8DD4 /* Base */ = {isa = PBXFileReference; lastKnownFileType = file.storyboard; name = Base; path = Base.lproj/LaunchScreen.storyboard; sourceTree = "<group>"; };
		D1962B1B219EFB2E004C8DD4 /* Info.plist */ = {isa = PBXFileReference; lastKnownFileType = text.plist.xml; path = Info.plist; sourceTree = "<group>"; };
		D1962B22219EFBDF004C8DD4 /* TutorialFirstViewController.swift */ = {isa = PBXFileReference; lastKnownFileType = sourcecode.swift; path = TutorialFirstViewController.swift; sourceTree = "<group>"; };
		D1962B23219EFBDF004C8DD4 /* TutorialFirstViewController.xib */ = {isa = PBXFileReference; lastKnownFileType = file.xib; path = TutorialFirstViewController.xib; sourceTree = "<group>"; };
		D1962B27219EFC12004C8DD4 /* AppCoordinator.swift */ = {isa = PBXFileReference; lastKnownFileType = sourcecode.swift; path = AppCoordinator.swift; sourceTree = "<group>"; };
		D1962B29219EFC5B004C8DD4 /* BaseViewController.swift */ = {isa = PBXFileReference; lastKnownFileType = sourcecode.swift; path = BaseViewController.swift; sourceTree = "<group>"; };
		D1962B2D219EFE70004C8DD4 /* TutorialSecondViewController.swift */ = {isa = PBXFileReference; lastKnownFileType = sourcecode.swift; path = TutorialSecondViewController.swift; sourceTree = "<group>"; };
		D1962B2E219EFE70004C8DD4 /* TutorialSecondViewController.xib */ = {isa = PBXFileReference; lastKnownFileType = file.xib; path = TutorialSecondViewController.xib; sourceTree = "<group>"; };
		D1962B31219F0015004C8DD4 /* .gitignore */ = {isa = PBXFileReference; fileEncoding = 4; lastKnownFileType = text; path = .gitignore; sourceTree = "<group>"; };
		D1962B33219F0051004C8DD4 /* TutorialCoordinator.swift */ = {isa = PBXFileReference; lastKnownFileType = sourcecode.swift; path = TutorialCoordinator.swift; sourceTree = "<group>"; };
		D1962B35219F0176004C8DD4 /* LoadingViewController.swift */ = {isa = PBXFileReference; lastKnownFileType = sourcecode.swift; path = LoadingViewController.swift; sourceTree = "<group>"; };
		D1962B36219F0176004C8DD4 /* LoadingViewController.xib */ = {isa = PBXFileReference; lastKnownFileType = file.xib; path = LoadingViewController.xib; sourceTree = "<group>"; };
		D1962B39219F01AB004C8DD4 /* WeatherCoordinator.swift */ = {isa = PBXFileReference; lastKnownFileType = sourcecode.swift; path = WeatherCoordinator.swift; sourceTree = "<group>"; };
		D1962B3B219F05DD004C8DD4 /* LocationManager.swift */ = {isa = PBXFileReference; lastKnownFileType = sourcecode.swift; path = LocationManager.swift; sourceTree = "<group>"; };
		D1962B44219F0E8B004C8DD4 /* UserDefaults.swift */ = {isa = PBXFileReference; lastKnownFileType = sourcecode.swift; path = UserDefaults.swift; sourceTree = "<group>"; };
/* End PBXFileReference section */

/* Begin PBXFrameworksBuildPhase section */
		D1962B09219EFB2C004C8DD4 /* Frameworks */ = {
			isa = PBXFrameworksBuildPhase;
			buildActionMask = 2147483647;
			files = (
			);
			runOnlyForDeploymentPostprocessing = 0;
		};
/* End PBXFrameworksBuildPhase section */

/* Begin PBXGroup section */
		D1962B03219EFB2C004C8DD4 = {
			isa = PBXGroup;
			children = (
				D1962B31219F0015004C8DD4 /* .gitignore */,
				D1962B0E219EFB2D004C8DD4 /* TestTask */,
				D1962B0D219EFB2D004C8DD4 /* Products */,
			);
			sourceTree = "<group>";
		};
		D1962B0D219EFB2D004C8DD4 /* Products */ = {
			isa = PBXGroup;
			children = (
				D1962B0C219EFB2D004C8DD4 /* TestTask.app */,
			);
			name = Products;
			sourceTree = "<group>";
		};
		D1962B0E219EFB2D004C8DD4 /* TestTask */ = {
			isa = PBXGroup;
			children = (
				D1962B0F219EFB2D004C8DD4 /* AppDelegate.swift */,
				D1962B43219F0E7A004C8DD4 /* Extensions */,
				D1962B3D219F0AC1004C8DD4 /* Managers */,
				D1962B26219EFC05004C8DD4 /* Coordinators */,
				D1962B21219EFB91004C8DD4 /* View Controllers */,
				D1962B16219EFB2E004C8DD4 /* Assets.xcassets */,
				D1962B18219EFB2E004C8DD4 /* LaunchScreen.storyboard */,
				D1962B1B219EFB2E004C8DD4 /* Info.plist */,
			);
			path = TestTask;
			sourceTree = "<group>";
		};
		D1962B21219EFB91004C8DD4 /* View Controllers */ = {
			isa = PBXGroup;
			children = (
				D1962B29219EFC5B004C8DD4 /* BaseViewController.swift */,
				D1962B22219EFBDF004C8DD4 /* TutorialFirstViewController.swift */,
				D1962B23219EFBDF004C8DD4 /* TutorialFirstViewController.xib */,
				D1962B2D219EFE70004C8DD4 /* TutorialSecondViewController.swift */,
				D1962B2E219EFE70004C8DD4 /* TutorialSecondViewController.xib */,
				D1962B35219F0176004C8DD4 /* LoadingViewController.swift */,
				D1962B36219F0176004C8DD4 /* LoadingViewController.xib */,
			);
			path = "View Controllers";
			sourceTree = "<group>";
		};
		D1962B26219EFC05004C8DD4 /* Coordinators */ = {
			isa = PBXGroup;
			children = (
				D1962B27219EFC12004C8DD4 /* AppCoordinator.swift */,
				D1962B33219F0051004C8DD4 /* TutorialCoordinator.swift */,
				D1962B39219F01AB004C8DD4 /* WeatherCoordinator.swift */,
			);
			path = Coordinators;
			sourceTree = "<group>";
		};
		D1962B3D219F0AC1004C8DD4 /* Managers */ = {
			isa = PBXGroup;
			children = (
				D1962B3B219F05DD004C8DD4 /* LocationManager.swift */,
			);
			path = Managers;
			sourceTree = "<group>";
		};
		D1962B43219F0E7A004C8DD4 /* Extensions */ = {
			isa = PBXGroup;
			children = (
				D1962B44219F0E8B004C8DD4 /* UserDefaults.swift */,
			);
			path = Extensions;
			sourceTree = "<group>";
		};
/* End PBXGroup section */

/* Begin PBXNativeTarget section */
		D1962B0B219EFB2C004C8DD4 /* TestTask */ = {
			isa = PBXNativeTarget;
			buildConfigurationList = D1962B1E219EFB2E004C8DD4 /* Build configuration list for PBXNativeTarget "TestTask" */;
			buildPhases = (
				D1962B08219EFB2C004C8DD4 /* Sources */,
				D1962B09219EFB2C004C8DD4 /* Frameworks */,
				D1962B0A219EFB2C004C8DD4 /* Resources */,
			);
			buildRules = (
			);
			dependencies = (
			);
			name = TestTask;
			productName = TestTask;
			productReference = D1962B0C219EFB2D004C8DD4 /* TestTask.app */;
			productType = "com.apple.product-type.application";
		};
/* End PBXNativeTarget section */

/* Begin PBXProject section */
		D1962B04219EFB2C004C8DD4 /* Project object */ = {
			isa = PBXProject;
			attributes = {
				LastSwiftUpdateCheck = 1010;
				LastUpgradeCheck = 1010;
				ORGANIZATIONNAME = "Eugene Sobol";
				TargetAttributes = {
					D1962B0B219EFB2C004C8DD4 = {
						CreatedOnToolsVersion = 10.1;
					};
				};
			};
			buildConfigurationList = D1962B07219EFB2C004C8DD4 /* Build configuration list for PBXProject "TestTask" */;
			compatibilityVersion = "Xcode 9.3";
			developmentRegion = en;
			hasScannedForEncodings = 0;
			knownRegions = (
				en,
				Base,
			);
			mainGroup = D1962B03219EFB2C004C8DD4;
			productRefGroup = D1962B0D219EFB2D004C8DD4 /* Products */;
			projectDirPath = "";
			projectRoot = "";
			targets = (
				D1962B0B219EFB2C004C8DD4 /* TestTask */,
			);
		};
/* End PBXProject section */

/* Begin PBXResourcesBuildPhase section */
		D1962B0A219EFB2C004C8DD4 /* Resources */ = {
			isa = PBXResourcesBuildPhase;
			buildActionMask = 2147483647;
			files = (
				D1962B32219F0015004C8DD4 /* .gitignore in Resources */,
				D1962B30219EFE70004C8DD4 /* TutorialSecondViewController.xib in Resources */,
				D1962B25219EFBDF004C8DD4 /* TutorialFirstViewController.xib in Resources */,
				D1962B38219F0176004C8DD4 /* LoadingViewController.xib in Resources */,
				D1962B1A219EFB2E004C8DD4 /* LaunchScreen.storyboard in Resources */,
				D1962B17219EFB2E004C8DD4 /* Assets.xcassets in Resources */,
			);
			runOnlyForDeploymentPostprocessing = 0;
		};
/* End PBXResourcesBuildPhase section */

/* Begin PBXSourcesBuildPhase section */
		D1962B08219EFB2C004C8DD4 /* Sources */ = {
			isa = PBXSourcesBuildPhase;
			buildActionMask = 2147483647;
			files = (
				D1962B37219F0176004C8DD4 /* LoadingViewController.swift in Sources */,
				D1962B28219EFC12004C8DD4 /* AppCoordinator.swift in Sources */,
				D1962B2A219EFC5B004C8DD4 /* BaseViewController.swift in Sources */,
				D1962B2F219EFE70004C8DD4 /* TutorialSecondViewController.swift in Sources */,
				D1962B10219EFB2D004C8DD4 /* AppDelegate.swift in Sources */,
				D1962B34219F0051004C8DD4 /* TutorialCoordinator.swift in Sources */,
				D1962B45219F0E8B004C8DD4 /* UserDefaults.swift in Sources */,
				D1962B24219EFBDF004C8DD4 /* TutorialFirstViewController.swift in Sources */,
				D1962B3A219F01AB004C8DD4 /* WeatherCoordinator.swift in Sources */,
				D1962B3C219F05DD004C8DD4 /* LocationManager.swift in Sources */,
			);
			runOnlyForDeploymentPostprocessing = 0;
		};
/* End PBXSourcesBuildPhase section */

/* Begin PBXVariantGroup section */
		D1962B18219EFB2E004C8DD4 /* LaunchScreen.storyboard */ = {
			isa = PBXVariantGroup;
			children = (
				D1962B19219EFB2E004C8DD4 /* Base */,
			);
			name = LaunchScreen.storyboard;
			sourceTree = "<group>";
		};
/* End PBXVariantGroup section */

/* Begin XCBuildConfiguration section */
		D1962B1C219EFB2E004C8DD4 /* Debug */ = {
			isa = XCBuildConfiguration;
			buildSettings = {
				ALWAYS_SEARCH_USER_PATHS = NO;
				CLANG_ANALYZER_NONNULL = YES;
				CLANG_ANALYZER_NUMBER_OBJECT_CONVERSION = YES_AGGRESSIVE;
				CLANG_CXX_LANGUAGE_STANDARD = "gnu++14";
				CLANG_CXX_LIBRARY = "libc++";
				CLANG_ENABLE_MODULES = YES;
				CLANG_ENABLE_OBJC_ARC = YES;
				CLANG_ENABLE_OBJC_WEAK = YES;
				CLANG_WARN_BLOCK_CAPTURE_AUTORELEASING = YES;
				CLANG_WARN_BOOL_CONVERSION = YES;
				CLANG_WARN_COMMA = YES;
				CLANG_WARN_CONSTANT_CONVERSION = YES;
				CLANG_WARN_DEPRECATED_OBJC_IMPLEMENTATIONS = YES;
				CLANG_WARN_DIRECT_OBJC_ISA_USAGE = YES_ERROR;
				CLANG_WARN_DOCUMENTATION_COMMENTS = YES;
				CLANG_WARN_EMPTY_BODY = YES;
				CLANG_WARN_ENUM_CONVERSION = YES;
				CLANG_WARN_INFINITE_RECURSION = YES;
				CLANG_WARN_INT_CONVERSION = YES;
				CLANG_WARN_NON_LITERAL_NULL_CONVERSION = YES;
				CLANG_WARN_OBJC_IMPLICIT_RETAIN_SELF = YES;
				CLANG_WARN_OBJC_LITERAL_CONVERSION = YES;
				CLANG_WARN_OBJC_ROOT_CLASS = YES_ERROR;
				CLANG_WARN_RANGE_LOOP_ANALYSIS = YES;
				CLANG_WARN_STRICT_PROTOTYPES = YES;
				CLANG_WARN_SUSPICIOUS_MOVE = YES;
				CLANG_WARN_UNGUARDED_AVAILABILITY = YES_AGGRESSIVE;
				CLANG_WARN_UNREACHABLE_CODE = YES;
				CLANG_WARN__DUPLICATE_METHOD_MATCH = YES;
				CODE_SIGN_IDENTITY = "iPhone Developer";
				COPY_PHASE_STRIP = NO;
				DEBUG_INFORMATION_FORMAT = dwarf;
				ENABLE_STRICT_OBJC_MSGSEND = YES;
				ENABLE_TESTABILITY = YES;
				GCC_C_LANGUAGE_STANDARD = gnu11;
				GCC_DYNAMIC_NO_PIC = NO;
				GCC_NO_COMMON_BLOCKS = YES;
				GCC_OPTIMIZATION_LEVEL = 0;
				GCC_PREPROCESSOR_DEFINITIONS = (
					"DEBUG=1",
					"$(inherited)",
				);
				GCC_WARN_64_TO_32_BIT_CONVERSION = YES;
				GCC_WARN_ABOUT_RETURN_TYPE = YES_ERROR;
				GCC_WARN_UNDECLARED_SELECTOR = YES;
				GCC_WARN_UNINITIALIZED_AUTOS = YES_AGGRESSIVE;
				GCC_WARN_UNUSED_FUNCTION = YES;
				GCC_WARN_UNUSED_VARIABLE = YES;
				IPHONEOS_DEPLOYMENT_TARGET = 12.1;
				MTL_ENABLE_DEBUG_INFO = INCLUDE_SOURCE;
				MTL_FAST_MATH = YES;
				ONLY_ACTIVE_ARCH = YES;
				SDKROOT = iphoneos;
				SWIFT_ACTIVE_COMPILATION_CONDITIONS = DEBUG;
				SWIFT_OPTIMIZATION_LEVEL = "-Onone";
			};
			name = Debug;
		};
		D1962B1D219EFB2E004C8DD4 /* Release */ = {
			isa = XCBuildConfiguration;
			buildSettings = {
				ALWAYS_SEARCH_USER_PATHS = NO;
				CLANG_ANALYZER_NONNULL = YES;
				CLANG_ANALYZER_NUMBER_OBJECT_CONVERSION = YES_AGGRESSIVE;
				CLANG_CXX_LANGUAGE_STANDARD = "gnu++14";
				CLANG_CXX_LIBRARY = "libc++";
				CLANG_ENABLE_MODULES = YES;
				CLANG_ENABLE_OBJC_ARC = YES;
				CLANG_ENABLE_OBJC_WEAK = YES;
				CLANG_WARN_BLOCK_CAPTURE_AUTORELEASING = YES;
				CLANG_WARN_BOOL_CONVERSION = YES;
				CLANG_WARN_COMMA = YES;
				CLANG_WARN_CONSTANT_CONVERSION = YES;
				CLANG_WARN_DEPRECATED_OBJC_IMPLEMENTATIONS = YES;
				CLANG_WARN_DIRECT_OBJC_ISA_USAGE = YES_ERROR;
				CLANG_WARN_DOCUMENTATION_COMMENTS = YES;
				CLANG_WARN_EMPTY_BODY = YES;
				CLANG_WARN_ENUM_CONVERSION = YES;
				CLANG_WARN_INFINITE_RECURSION = YES;
				CLANG_WARN_INT_CONVERSION = YES;
				CLANG_WARN_NON_LITERAL_NULL_CONVERSION = YES;
				CLANG_WARN_OBJC_IMPLICIT_RETAIN_SELF = YES;
				CLANG_WARN_OBJC_LITERAL_CONVERSION = YES;
				CLANG_WARN_OBJC_ROOT_CLASS = YES_ERROR;
				CLANG_WARN_RANGE_LOOP_ANALYSIS = YES;
				CLANG_WARN_STRICT_PROTOTYPES = YES;
				CLANG_WARN_SUSPICIOUS_MOVE = YES;
				CLANG_WARN_UNGUARDED_AVAILABILITY = YES_AGGRESSIVE;
				CLANG_WARN_UNREACHABLE_CODE = YES;
				CLANG_WARN__DUPLICATE_METHOD_MATCH = YES;
				CODE_SIGN_IDENTITY = "iPhone Developer";
				COPY_PHASE_STRIP = NO;
				DEBUG_INFORMATION_FORMAT = "dwarf-with-dsym";
				ENABLE_NS_ASSERTIONS = NO;
				ENABLE_STRICT_OBJC_MSGSEND = YES;
				GCC_C_LANGUAGE_STANDARD = gnu11;
				GCC_NO_COMMON_BLOCKS = YES;
				GCC_WARN_64_TO_32_BIT_CONVERSION = YES;
				GCC_WARN_ABOUT_RETURN_TYPE = YES_ERROR;
				GCC_WARN_UNDECLARED_SELECTOR = YES;
				GCC_WARN_UNINITIALIZED_AUTOS = YES_AGGRESSIVE;
				GCC_WARN_UNUSED_FUNCTION = YES;
				GCC_WARN_UNUSED_VARIABLE = YES;
				IPHONEOS_DEPLOYMENT_TARGET = 12.1;
				MTL_ENABLE_DEBUG_INFO = NO;
				MTL_FAST_MATH = YES;
				SDKROOT = iphoneos;
				SWIFT_COMPILATION_MODE = wholemodule;
				SWIFT_OPTIMIZATION_LEVEL = "-O";
				VALIDATE_PRODUCT = YES;
			};
			name = Release;
		};
		D1962B1F219EFB2E004C8DD4 /* Debug */ = {
			isa = XCBuildConfiguration;
			buildSettings = {
				ASSETCATALOG_COMPILER_APPICON_NAME = AppIcon;
				CODE_SIGN_STYLE = Automatic;
				INFOPLIST_FILE = TestTask/Info.plist;
				LD_RUNPATH_SEARCH_PATHS = (
					"$(inherited)",
					"@executable_path/Frameworks",
				);
				PRODUCT_BUNDLE_IDENTIFIER = com.esobol.TestTask;
				PRODUCT_NAME = "$(TARGET_NAME)";
				SWIFT_VERSION = 4.2;
				TARGETED_DEVICE_FAMILY = "1,2";
			};
			name = Debug;
		};
		D1962B20219EFB2E004C8DD4 /* Release */ = {
			isa = XCBuildConfiguration;
			buildSettings = {
				ASSETCATALOG_COMPILER_APPICON_NAME = AppIcon;
				CODE_SIGN_STYLE = Automatic;
				INFOPLIST_FILE = TestTask/Info.plist;
				LD_RUNPATH_SEARCH_PATHS = (
					"$(inherited)",
					"@executable_path/Frameworks",
				);
				PRODUCT_BUNDLE_IDENTIFIER = com.esobol.TestTask;
				PRODUCT_NAME = "$(TARGET_NAME)";
				SWIFT_VERSION = 4.2;
				TARGETED_DEVICE_FAMILY = "1,2";
			};
			name = Release;
		};
/* End XCBuildConfiguration section */

/* Begin XCConfigurationList section */
		D1962B07219EFB2C004C8DD4 /* Build configuration list for PBXProject "TestTask" */ = {
			isa = XCConfigurationList;
			buildConfigurations = (
				D1962B1C219EFB2E004C8DD4 /* Debug */,
				D1962B1D219EFB2E004C8DD4 /* Release */,
			);
			defaultConfigurationIsVisible = 0;
			defaultConfigurationName = Release;
		};
		D1962B1E219EFB2E004C8DD4 /* Build configuration list for PBXNativeTarget "TestTask" */ = {
			isa = XCConfigurationList;
			buildConfigurations = (
				D1962B1F219EFB2E004C8DD4 /* Debug */,
				D1962B20219EFB2E004C8DD4 /* Release */,
			);
			defaultConfigurationIsVisible = 0;
			defaultConfigurationName = Release;
		};
/* End XCConfigurationList section */
	};
	rootObject = D1962B04219EFB2C004C8DD4 /* Project object */;
}
